{
  "name": "frontend",
  "lockfileVersion": 3,
  "requires": true,
  "packages": {
    "": {
      "dependencies": {
        "highlight.run": "^9.22.3"
      }
    },
    "node_modules/@launchdarkly/js-client-sdk": {
      "version": "0.6.0",
      "resolved": "https://registry.npmjs.org/@launchdarkly/js-client-sdk/-/js-client-sdk-0.6.0.tgz",
      "integrity": "sha512-9aBgpGKXxaiPudNuQ9MoS8wFSIR1h0P2EFDP2veNJG7tBuxzDKfH3hzjW01C4/WyWN6bk7P7XKwisxw775klBQ==",
      "license": "Apache-2.0",
      "dependencies": {
        "@launchdarkly/js-client-sdk-common": "1.13.0"
      }
    },
    "node_modules/@launchdarkly/js-client-sdk-common": {
      "version": "1.13.0",
      "resolved": "https://registry.npmjs.org/@launchdarkly/js-client-sdk-common/-/js-client-sdk-common-1.13.0.tgz",
      "integrity": "sha512-3u3nWLKfu7ADbrBlbYq1rDROXG1WcRGRGhHFyAjtDPCCh783sPIb1frC1n4tj6b64bustVrZvLR9dGrQlp6tJQ==",
      "license": "Apache-2.0",
      "dependencies": {
        "@launchdarkly/js-sdk-common": "2.17.0"
      }
    },
    "node_modules/@launchdarkly/js-sdk-common": {
      "version": "2.17.0",
      "resolved": "https://registry.npmjs.org/@launchdarkly/js-sdk-common/-/js-sdk-common-2.17.0.tgz",
      "integrity": "sha512-HYQNc4xbE58hBOO1yZsqE+BHOC36AYrHPZ5hwvlHoZRSsaoYCPM+Q/n+O+N3JhWXTqGsu6SwUzqUzTyxg8prGg==",
      "license": "Apache-2.0"
    },
    "node_modules/highlight.run": {
      "version": "9.22.3",
      "resolved": "https://registry.npmjs.org/highlight.run/-/highlight.run-9.22.3.tgz",
      "integrity": "sha512-QmgR/Yw6oKj5RA1MKxOWfds7Di44JK0Gp9dy4joM29KDZCpGRWI9E+ganrnZ8vBba8mo1/mkRVdg+/lALCIDwQ==",
      "license": "Apache-2.0",
      "dependencies": {
        "@launchdarkly/js-client-sdk": "^0.6.0",
        "imurmurhash": "^0.1.4"
      }
    },
    "node_modules/imurmurhash": {
      "version": "0.1.4",
      "resolved": "https://registry.npmjs.org/imurmurhash/-/imurmurhash-0.1.4.tgz",
      "integrity": "sha512-JmXMZ6wuvDmLiHEml9ykzqO6lwFbof0GG4IkcGaENdCRDDmMVnny7s5HsIgHCbaq0w2MyPhDqkhTUgS2LU2PHA==",
      "license": "MIT",
      "engines": {
        "node": ">=0.8.19"
      }
    }
  }
}
